// !$*UTF8*$!
{
	archiveVersion = 1;
	classes = {
	};
	objectVersion = 46;
	objects = {

/* Begin PBXBuildFile section */
		0FB0E6179AEEEE9428A7CC1E /* Pods_Tumblr_FeedirUITests.framework in Frameworks */ = {isa = PBXBuildFile; fileRef = 12D9236F9D8392FD9E7FF8C6 /* Pods_Tumblr_FeedirUITests.framework */; };
		1851421E9E640015BF62C72F /* Pods_Tumblr_FeedirTests.framework in Frameworks */ = {isa = PBXBuildFile; fileRef = A2311BAAFEC428747C331F07 /* Pods_Tumblr_FeedirTests.framework */; };
		1B99985C2025541C00C834E6 /* AppDelegate.swift in Sources */ = {isa = PBXBuildFile; fileRef = 1B99985B2025541C00C834E6 /* AppDelegate.swift */; };
		1B9998612025541C00C834E6 /* Main.storyboard in Resources */ = {isa = PBXBuildFile; fileRef = 1B99985F2025541C00C834E6 /* Main.storyboard */; };
		1B9998632025541C00C834E6 /* Assets.xcassets in Resources */ = {isa = PBXBuildFile; fileRef = 1B9998622025541C00C834E6 /* Assets.xcassets */; };
		1B9998662025541C00C834E6 /* LaunchScreen.storyboard in Resources */ = {isa = PBXBuildFile; fileRef = 1B9998642025541C00C834E6 /* LaunchScreen.storyboard */; };
		1B9998712025541C00C834E6 /* Tumblr_FeedirTests.swift in Sources */ = {isa = PBXBuildFile; fileRef = 1B9998702025541C00C834E6 /* Tumblr_FeedirTests.swift */; };
		1B99987C2025541C00C834E6 /* Tumblr_FeedirUITests.swift in Sources */ = {isa = PBXBuildFile; fileRef = 1B99987B2025541C00C834E6 /* Tumblr_FeedirUITests.swift */; };
		1B99988A20255F1800C834E6 /* PhotosViewController.swift in Sources */ = {isa = PBXBuildFile; fileRef = 1B99988920255F1800C834E6 /* PhotosViewController.swift */; };
		1B99988D20257A3B00C834E6 /* tumblrcell.swift in Sources */ = {isa = PBXBuildFile; fileRef = 1B99988C20257A3B00C834E6 /* tumblrcell.swift */; };
		B7DA1BB70CDB3E97B40B2E11 /* Pods_Tumblr_Feedir.framework in Frameworks */ = {isa = PBXBuildFile; fileRef = 87F1AEEDA2B29AF8560D463D /* Pods_Tumblr_Feedir.framework */; };
/* End PBXBuildFile section */

/* Begin PBXContainerItemProxy section */
		1B99986D2025541C00C834E6 /* PBXContainerItemProxy */ = {
			isa = PBXContainerItemProxy;
			containerPortal = 1B9998502025541C00C834E6 /* Project object */;
			proxyType = 1;
			remoteGlobalIDString = 1B9998572025541C00C834E6;
			remoteInfo = "Tumblr Feedir";
		};
		1B9998782025541C00C834E6 /* PBXContainerItemProxy */ = {
			isa = PBXContainerItemProxy;
			containerPortal = 1B9998502025541C00C834E6 /* Project object */;
			proxyType = 1;
			remoteGlobalIDString = 1B9998572025541C00C834E6;
			remoteInfo = "Tumblr Feedir";
		};
/* End PBXContainerItemProxy section */

/* Begin PBXFileReference section */
		090AA4202030E8AD2CF5A07B /* Pods-Tumblr FeedirUITests.debug.xcconfig */ = {isa = PBXFileReference; includeInIndex = 1; lastKnownFileType = text.xcconfig; name = "Pods-Tumblr FeedirUITests.debug.xcconfig"; path = "Pods/Target Support Files/Pods-Tumblr FeedirUITests/Pods-Tumblr FeedirUITests.debug.xcconfig"; sourceTree = "<group>"; };
		12D9236F9D8392FD9E7FF8C6 /* Pods_Tumblr_FeedirUITests.framework */ = {isa = PBXFileReference; explicitFileType = wrapper.framework; includeInIndex = 0; path = Pods_Tumblr_FeedirUITests.framework; sourceTree = BUILT_PRODUCTS_DIR; };
		1B9998582025541C00C834E6 /* Tumblr Feedir.app */ = {isa = PBXFileReference; explicitFileType = wrapper.application; includeInIndex = 0; path = "Tumblr Feedir.app"; sourceTree = BUILT_PRODUCTS_DIR; };
		1B99985B2025541C00C834E6 /* AppDelegate.swift */ = {isa = PBXFileReference; lastKnownFileType = sourcecode.swift; path = AppDelegate.swift; sourceTree = "<group>"; };
		1B9998602025541C00C834E6 /* Base */ = {isa = PBXFileReference; lastKnownFileType = file.storyboard; name = Base; path = Base.lproj/Main.storyboard; sourceTree = "<group>"; };
		1B9998622025541C00C834E6 /* Assets.xcassets */ = {isa = PBXFileReference; lastKnownFileType = folder.assetcatalog; path = Assets.xcassets; sourceTree = "<group>"; };
		1B9998652025541C00C834E6 /* Base */ = {isa = PBXFileReference; lastKnownFileType = file.storyboard; name = Base; path = Base.lproj/LaunchScreen.storyboard; sourceTree = "<group>"; };
		1B9998672025541C00C834E6 /* Info.plist */ = {isa = PBXFileReference; lastKnownFileType = text.plist.xml; path = Info.plist; sourceTree = "<group>"; };
		1B99986C2025541C00C834E6 /* Tumblr FeedirTests.xctest */ = {isa = PBXFileReference; explicitFileType = wrapper.cfbundle; includeInIndex = 0; path = "Tumblr FeedirTests.xctest"; sourceTree = BUILT_PRODUCTS_DIR; };
		1B9998702025541C00C834E6 /* Tumblr_FeedirTests.swift */ = {isa = PBXFileReference; lastKnownFileType = sourcecode.swift; path = Tumblr_FeedirTests.swift; sourceTree = "<group>"; };
		1B9998722025541C00C834E6 /* Info.plist */ = {isa = PBXFileReference; lastKnownFileType = text.plist.xml; path = Info.plist; sourceTree = "<group>"; };
		1B9998772025541C00C834E6 /* Tumblr FeedirUITests.xctest */ = {isa = PBXFileReference; explicitFileType = wrapper.cfbundle; includeInIndex = 0; path = "Tumblr FeedirUITests.xctest"; sourceTree = BUILT_PRODUCTS_DIR; };
		1B99987B2025541C00C834E6 /* Tumblr_FeedirUITests.swift */ = {isa = PBXFileReference; lastKnownFileType = sourcecode.swift; path = Tumblr_FeedirUITests.swift; sourceTree = "<group>"; };
		1B99987D2025541C00C834E6 /* Info.plist */ = {isa = PBXFileReference; lastKnownFileType = text.plist.xml; path = Info.plist; sourceTree = "<group>"; };
		1B99988920255F1800C834E6 /* PhotosViewController.swift */ = {isa = PBXFileReference; fileEncoding = 4; lastKnownFileType = sourcecode.swift; path = PhotosViewController.swift; sourceTree = "<group>"; };
		1B99988C20257A3B00C834E6 /* tumblrcell.swift */ = {isa = PBXFileReference; fileEncoding = 4; lastKnownFileType = sourcecode.swift; path = tumblrcell.swift; sourceTree = "<group>"; };
		3A67F2A2306DE3B07199194A /* Pods-Tumblr Feedir.debug.xcconfig */ = {isa = PBXFileReference; includeInIndex = 1; lastKnownFileType = text.xcconfig; name = "Pods-Tumblr Feedir.debug.xcconfig"; path = "Pods/Target Support Files/Pods-Tumblr Feedir/Pods-Tumblr Feedir.debug.xcconfig"; sourceTree = "<group>"; };
		4A4A60676F7512F08B9252B7 /* Pods-Tumblr FeedirTests.debug.xcconfig */ = {isa = PBXFileReference; includeInIndex = 1; lastKnownFileType = text.xcconfig; name = "Pods-Tumblr FeedirTests.debug.xcconfig"; path = "Pods/Target Support Files/Pods-Tumblr FeedirTests/Pods-Tumblr FeedirTests.debug.xcconfig"; sourceTree = "<group>"; };
		8163FC7D13FFE281CB5AD033 /* Pods-Tumblr FeedirTests.release.xcconfig */ = {isa = PBXFileReference; includeInIndex = 1; lastKnownFileType = text.xcconfig; name = "Pods-Tumblr FeedirTests.release.xcconfig"; path = "Pods/Target Support Files/Pods-Tumblr FeedirTests/Pods-Tumblr FeedirTests.release.xcconfig"; sourceTree = "<group>"; };
		87F1AEEDA2B29AF8560D463D /* Pods_Tumblr_Feedir.framework */ = {isa = PBXFileReference; explicitFileType = wrapper.framework; includeInIndex = 0; path = Pods_Tumblr_Feedir.framework; sourceTree = BUILT_PRODUCTS_DIR; };
		A2311BAAFEC428747C331F07 /* Pods_Tumblr_FeedirTests.framework */ = {isa = PBXFileReference; explicitFileType = wrapper.framework; includeInIndex = 0; path = Pods_Tumblr_FeedirTests.framework; sourceTree = BUILT_PRODUCTS_DIR; };
		A632C3C40340D065281C5AE8 /* Pods-Tumblr FeedirUITests.release.xcconfig */ = {isa = PBXFileReference; includeInIndex = 1; lastKnownFileType = text.xcconfig; name = "Pods-Tumblr FeedirUITests.release.xcconfig"; path = "Pods/Target Support Files/Pods-Tumblr FeedirUITests/Pods-Tumblr FeedirUITests.release.xcconfig"; sourceTree = "<group>"; };
		FB75E062B889835D331733F9 /* Pods-Tumblr Feedir.release.xcconfig */ = {isa = PBXFileReference; includeInIndex = 1; lastKnownFileType = text.xcconfig; name = "Pods-Tumblr Feedir.release.xcconfig"; path = "Pods/Target Support Files/Pods-Tumblr Feedir/Pods-Tumblr Feedir.release.xcconfig"; sourceTree = "<group>"; };
/* End PBXFileReference section */

/* Begin PBXFrameworksBuildPhase section */
		1B9998552025541C00C834E6 /* Frameworks */ = {
			isa = PBXFrameworksBuildPhase;
			buildActionMask = 2147483647;
			files = (
				B7DA1BB70CDB3E97B40B2E11 /* Pods_Tumblr_Feedir.framework in Frameworks */,
			);
			runOnlyForDeploymentPostprocessing = 0;
		};
		1B9998692025541C00C834E6 /* Frameworks */ = {
			isa = PBXFrameworksBuildPhase;
			buildActionMask = 2147483647;
			files = (
				1851421E9E640015BF62C72F /* Pods_Tumblr_FeedirTests.framework in Frameworks */,
			);
			runOnlyForDeploymentPostprocessing = 0;
		};
		1B9998742025541C00C834E6 /* Frameworks */ = {
			isa = PBXFrameworksBuildPhase;
			buildActionMask = 2147483647;
			files = (
				0FB0E6179AEEEE9428A7CC1E /* Pods_Tumblr_FeedirUITests.framework in Frameworks */,
			);
			runOnlyForDeploymentPostprocessing = 0;
		};
/* End PBXFrameworksBuildPhase section */

/* Begin PBXGroup section */
		1B99984F2025541C00C834E6 = {
			isa = PBXGroup;
			children = (
				1B99985A2025541C00C834E6 /* Tumblr Feedir */,
				1B99986F2025541C00C834E6 /* Tumblr FeedirTests */,
				1B99987A2025541C00C834E6 /* Tumblr FeedirUITests */,
				1B9998592025541C00C834E6 /* Products */,
				DC92B2198DB635CDC2B04EA5 /* Pods */,
				384D82A493E0501A210735C8 /* Frameworks */,
			);
			sourceTree = "<group>";
		};
		1B9998592025541C00C834E6 /* Products */ = {
			isa = PBXGroup;
			children = (
				1B9998582025541C00C834E6 /* Tumblr Feedir.app */,
				1B99986C2025541C00C834E6 /* Tumblr FeedirTests.xctest */,
				1B9998772025541C00C834E6 /* Tumblr FeedirUITests.xctest */,
			);
			name = Products;
			sourceTree = "<group>";
		};
		1B99985A2025541C00C834E6 /* Tumblr Feedir */ = {
			isa = PBXGroup;
			children = (
				1B99985B2025541C00C834E6 /* AppDelegate.swift */,
				1B99988920255F1800C834E6 /* PhotosViewController.swift */,
				1B99985F2025541C00C834E6 /* Main.storyboard */,
				1B99988C20257A3B00C834E6 /* tumblrcell.swift */,
				1B9998622025541C00C834E6 /* Assets.xcassets */,
				1B9998642025541C00C834E6 /* LaunchScreen.storyboard */,
				1B9998672025541C00C834E6 /* Info.plist */,
			);
			path = "Tumblr Feedir";
			sourceTree = "<group>";
		};
		1B99986F2025541C00C834E6 /* Tumblr FeedirTests */ = {
			isa = PBXGroup;
			children = (
				1B9998702025541C00C834E6 /* Tumblr_FeedirTests.swift */,
				1B9998722025541C00C834E6 /* Info.plist */,
			);
			path = "Tumblr FeedirTests";
			sourceTree = "<group>";
		};
		1B99987A2025541C00C834E6 /* Tumblr FeedirUITests */ = {
			isa = PBXGroup;
			children = (
				1B99987B2025541C00C834E6 /* Tumblr_FeedirUITests.swift */,
				1B99987D2025541C00C834E6 /* Info.plist */,
			);
			path = "Tumblr FeedirUITests";
			sourceTree = "<group>";
		};
		384D82A493E0501A210735C8 /* Frameworks */ = {
			isa = PBXGroup;
			children = (
				87F1AEEDA2B29AF8560D463D /* Pods_Tumblr_Feedir.framework */,
				A2311BAAFEC428747C331F07 /* Pods_Tumblr_FeedirTests.framework */,
				12D9236F9D8392FD9E7FF8C6 /* Pods_Tumblr_FeedirUITests.framework */,
			);
			name = Frameworks;
			sourceTree = "<group>";
		};
		DC92B2198DB635CDC2B04EA5 /* Pods */ = {
			isa = PBXGroup;
			children = (
				3A67F2A2306DE3B07199194A /* Pods-Tumblr Feedir.debug.xcconfig */,
				FB75E062B889835D331733F9 /* Pods-Tumblr Feedir.release.xcconfig */,
				4A4A60676F7512F08B9252B7 /* Pods-Tumblr FeedirTests.debug.xcconfig */,
				8163FC7D13FFE281CB5AD033 /* Pods-Tumblr FeedirTests.release.xcconfig */,
				090AA4202030E8AD2CF5A07B /* Pods-Tumblr FeedirUITests.debug.xcconfig */,
				A632C3C40340D065281C5AE8 /* Pods-Tumblr FeedirUITests.release.xcconfig */,
			);
			name = Pods;
			sourceTree = "<group>";
		};
/* End PBXGroup section */

/* Begin PBXNativeTarget section */
		1B9998572025541C00C834E6 /* Tumblr Feedir */ = {
			isa = PBXNativeTarget;
			buildConfigurationList = 1B9998802025541C00C834E6 /* Build configuration list for PBXNativeTarget "Tumblr Feedir" */;
			buildPhases = (
				45D7D84FB1DC5FF6F447B5AD /* [CP] Check Pods Manifest.lock */,
				1B9998542025541C00C834E6 /* Sources */,
				1B9998552025541C00C834E6 /* Frameworks */,
				1B9998562025541C00C834E6 /* Resources */,
				A6E20F3A7E609A9F1B4BA945 /* [CP] Embed Pods Frameworks */,
				AF35F505CCA4DE9E5DA434F1 /* [CP] Copy Pods Resources */,
			);
			buildRules = (
			);
			dependencies = (
			);
			name = "Tumblr Feedir";
			productName = "Tumblr Feedir";
			productReference = 1B9998582025541C00C834E6 /* Tumblr Feedir.app */;
			productType = "com.apple.product-type.application";
		};
		1B99986B2025541C00C834E6 /* Tumblr FeedirTests */ = {
			isa = PBXNativeTarget;
			buildConfigurationList = 1B9998832025541C00C834E6 /* Build configuration list for PBXNativeTarget "Tumblr FeedirTests" */;
			buildPhases = (
				983F3E889013021F40A93CAB /* [CP] Check Pods Manifest.lock */,
				1B9998682025541C00C834E6 /* Sources */,
				1B9998692025541C00C834E6 /* Frameworks */,
				1B99986A2025541C00C834E6 /* Resources */,
				93C0D3D99677BFCDEBC7D36C /* [CP] Embed Pods Frameworks */,
				BB1806B206A1686F48BB98CD /* [CP] Copy Pods Resources */,
			);
			buildRules = (
			);
			dependencies = (
				1B99986E2025541C00C834E6 /* PBXTargetDependency */,
			);
			name = "Tumblr FeedirTests";
			productName = "Tumblr FeedirTests";
			productReference = 1B99986C2025541C00C834E6 /* Tumblr FeedirTests.xctest */;
			productType = "com.apple.product-type.bundle.unit-test";
		};
		1B9998762025541C00C834E6 /* Tumblr FeedirUITests */ = {
			isa = PBXNativeTarget;
			buildConfigurationList = 1B9998862025541C00C834E6 /* Build configuration list for PBXNativeTarget "Tumblr FeedirUITests" */;
			buildPhases = (
				66899C19930B9C4378E5559F /* [CP] Check Pods Manifest.lock */,
				1B9998732025541C00C834E6 /* Sources */,
				1B9998742025541C00C834E6 /* Frameworks */,
				1B9998752025541C00C834E6 /* Resources */,
				1D57FD59FF5E3B587703254F /* [CP] Embed Pods Frameworks */,
				92B336EE6A66440832909155 /* [CP] Copy Pods Resources */,
			);
			buildRules = (
			);
			dependencies = (
				1B9998792025541C00C834E6 /* PBXTargetDependency */,
			);
			name = "Tumblr FeedirUITests";
			productName = "Tumblr FeedirUITests";
			productReference = 1B9998772025541C00C834E6 /* Tumblr FeedirUITests.xctest */;
			productType = "com.apple.product-type.bundle.ui-testing";
		};
/* End PBXNativeTarget section */

/* Begin PBXProject section */
		1B9998502025541C00C834E6 /* Project object */ = {
			isa = PBXProject;
			attributes = {
				LastSwiftUpdateCheck = 0800;
				LastUpgradeCheck = 0800;
				ORGANIZATIONNAME = "David King";
				TargetAttributes = {
					1B9998572025541C00C834E6 = {
						CreatedOnToolsVersion = 8.0;
						ProvisioningStyle = Automatic;
					};
					1B99986B2025541C00C834E6 = {
						CreatedOnToolsVersion = 8.0;
						ProvisioningStyle = Automatic;
						TestTargetID = 1B9998572025541C00C834E6;
					};
					1B9998762025541C00C834E6 = {
						CreatedOnToolsVersion = 8.0;
						ProvisioningStyle = Automatic;
						TestTargetID = 1B9998572025541C00C834E6;
					};
				};
			};
			buildConfigurationList = 1B9998532025541C00C834E6 /* Build configuration list for PBXProject "Tumblr Feedir" */;
			compatibilityVersion = "Xcode 3.2";
			developmentRegion = English;
			hasScannedForEncodings = 0;
			knownRegions = (
				en,
				Base,
			);
			mainGroup = 1B99984F2025541C00C834E6;
			productRefGroup = 1B9998592025541C00C834E6 /* Products */;
			projectDirPath = "";
			projectRoot = "";
			targets = (
				1B9998572025541C00C834E6 /* Tumblr Feedir */,
				1B99986B2025541C00C834E6 /* Tumblr FeedirTests */,
				1B9998762025541C00C834E6 /* Tumblr FeedirUITests */,
			);
		};
/* End PBXProject section */

/* Begin PBXResourcesBuildPhase section */
		1B9998562025541C00C834E6 /* Resources */ = {
			isa = PBXResourcesBuildPhase;
			buildActionMask = 2147483647;
			files = (
				1B9998662025541C00C834E6 /* LaunchScreen.storyboard in Resources */,
				1B9998632025541C00C834E6 /* Assets.xcassets in Resources */,
				1B9998612025541C00C834E6 /* Main.storyboard in Resources */,
			);
			runOnlyForDeploymentPostprocessing = 0;
		};
		1B99986A2025541C00C834E6 /* Resources */ = {
			isa = PBXResourcesBuildPhase;
			buildActionMask = 2147483647;
			files = (
			);
			runOnlyForDeploymentPostprocessing = 0;
		};
		1B9998752025541C00C834E6 /* Resources */ = {
			isa = PBXResourcesBuildPhase;
			buildActionMask = 2147483647;
			files = (
			);
			runOnlyForDeploymentPostprocessing = 0;
		};
/* End PBXResourcesBuildPhase section */

/* Begin PBXShellScriptBuildPhase section */
		1D57FD59FF5E3B587703254F /* [CP] Embed Pods Frameworks */ = {
			isa = PBXShellScriptBuildPhase;
			buildActionMask = 2147483647;
			files = (
			);
			inputPaths = (
			);
			name = "[CP] Embed Pods Frameworks";
			outputPaths = (
			);
			runOnlyForDeploymentPostprocessing = 0;
			shellPath = /bin/sh;
			shellScript = "\"${SRCROOT}/Pods/Target Support Files/Pods-Tumblr FeedirUITests/Pods-Tumblr FeedirUITests-frameworks.sh\"\n";
			showEnvVarsInLog = 0;
		};
		45D7D84FB1DC5FF6F447B5AD /* [CP] Check Pods Manifest.lock */ = {
			isa = PBXShellScriptBuildPhase;
			buildActionMask = 2147483647;
			files = (
			);
			inputPaths = (
				"${PODS_PODFILE_DIR_PATH}/Podfile.lock",
				"${PODS_ROOT}/Manifest.lock",
			);
			name = "[CP] Check Pods Manifest.lock";
			outputPaths = (
				"$(DERIVED_FILE_DIR)/Pods-Tumblr Feedir-checkManifestLockResult.txt",
			);
			runOnlyForDeploymentPostprocessing = 0;
			shellPath = /bin/sh;
			shellScript = "diff \"${PODS_PODFILE_DIR_PATH}/Podfile.lock\" \"${PODS_ROOT}/Manifest.lock\" > /dev/null\nif [ $? != 0 ] ; then\n    # print error to STDERR\n    echo \"error: The sandbox is not in sync with the Podfile.lock. Run 'pod install' or update your CocoaPods installation.\" >&2\n    exit 1\nfi\n# This output is used by Xcode 'outputs' to avoid re-running this script phase.\necho \"SUCCESS\" > \"${SCRIPT_OUTPUT_FILE_0}\"\n";
			showEnvVarsInLog = 0;
		};
		66899C19930B9C4378E5559F /* [CP] Check Pods Manifest.lock */ = {
			isa = PBXShellScriptBuildPhase;
			buildActionMask = 2147483647;
			files = (
			);
			inputPaths = (
				"${PODS_PODFILE_DIR_PATH}/Podfile.lock",
				"${PODS_ROOT}/Manifest.lock",
			);
			name = "[CP] Check Pods Manifest.lock";
			outputPaths = (
				"$(DERIVED_FILE_DIR)/Pods-Tumblr FeedirUITests-checkManifestLockResult.txt",
			);
			runOnlyForDeploymentPostprocessing = 0;
			shellPath = /bin/sh;
			shellScript = "diff \"${PODS_PODFILE_DIR_PATH}/Podfile.lock\" \"${PODS_ROOT}/Manifest.lock\" > /dev/null\nif [ $? != 0 ] ; then\n    # print error to STDERR\n    echo \"error: The sandbox is not in sync with the Podfile.lock. Run 'pod install' or update your CocoaPods installation.\" >&2\n    exit 1\nfi\n# This output is used by Xcode 'outputs' to avoid re-running this script phase.\necho \"SUCCESS\" > \"${SCRIPT_OUTPUT_FILE_0}\"\n";
			showEnvVarsInLog = 0;
		};
		92B336EE6A66440832909155 /* [CP] Copy Pods Resources */ = {
			isa = PBXShellScriptBuildPhase;
			buildActionMask = 2147483647;
			files = (
			);
			inputPaths = (
			);
			name = "[CP] Copy Pods Resources";
			outputPaths = (
			);
			runOnlyForDeploymentPostprocessing = 0;
			shellPath = /bin/sh;
			shellScript = "\"${SRCROOT}/Pods/Target Support Files/Pods-Tumblr FeedirUITests/Pods-Tumblr FeedirUITests-resources.sh\"\n";
			showEnvVarsInLog = 0;
		};
		93C0D3D99677BFCDEBC7D36C /* [CP] Embed Pods Frameworks */ = {
			isa = PBXShellScriptBuildPhase;
			buildActionMask = 2147483647;
			files = (
			);
			inputPaths = (
			);
			name = "[CP] Embed Pods Frameworks";
			outputPaths = (
			);
			runOnlyForDeploymentPostprocessing = 0;
			shellPath = /bin/sh;
			shellScript = "\"${SRCROOT}/Pods/Target Support Files/Pods-Tumblr FeedirTests/Pods-Tumblr FeedirTests-frameworks.sh\"\n";
			showEnvVarsInLog = 0;
		};
		983F3E889013021F40A93CAB /* [CP] Check Pods Manifest.lock */ = {
			isa = PBXShellScriptBuildPhase;
			buildActionMask = 2147483647;
			files = (
			);
			inputPaths = (
				"${PODS_PODFILE_DIR_PATH}/Podfile.lock",
				"${PODS_ROOT}/Manifest.lock",
			);
			name = "[CP] Check Pods Manifest.lock";
			outputPaths = (
				"$(DERIVED_FILE_DIR)/Pods-Tumblr FeedirTests-checkManifestLockResult.txt",
			);
			runOnlyForDeploymentPostprocessing = 0;
			shellPath = /bin/sh;
			shellScript = "diff \"${PODS_PODFILE_DIR_PATH}/Podfile.lock\" \"${PODS_ROOT}/Manifest.lock\" > /dev/null\nif [ $? != 0 ] ; then\n    # print error to STDERR\n    echo \"error: The sandbox is not in sync with the Podfile.lock. Run 'pod install' or update your CocoaPods installation.\" >&2\n    exit 1\nfi\n# This output is used by Xcode 'outputs' to avoid re-running this script phase.\necho \"SUCCESS\" > \"${SCRIPT_OUTPUT_FILE_0}\"\n";
			showEnvVarsInLog = 0;
		};
		A6E20F3A7E609A9F1B4BA945 /* [CP] Embed Pods Frameworks */ = {
			isa = PBXShellScriptBuildPhase;
			buildActionMask = 2147483647;
			files = (
			);
			inputPaths = (
				"${SRCROOT}/Pods/Target Support Files/Pods-Tumblr Feedir/Pods-Tumblr Feedir-frameworks.sh",
				"${BUILT_PRODUCTS_DIR}/Alamofire/Alamofire.framework",
				"${BUILT_PRODUCTS_DIR}/AlamofireImage/AlamofireImage.framework",
			);
			name = "[CP] Embed Pods Frameworks";
			outputPaths = (
				"${TARGET_BUILD_DIR}/${FRAMEWORKS_FOLDER_PATH}/Alamofire.framework",
				"${TARGET_BUILD_DIR}/${FRAMEWORKS_FOLDER_PATH}/AlamofireImage.framework",
			);
			runOnlyForDeploymentPostprocessing = 0;
			shellPath = /bin/sh;
			shellScript = "\"${SRCROOT}/Pods/Target Support Files/Pods-Tumblr Feedir/Pods-Tumblr Feedir-frameworks.sh\"\n";
			showEnvVarsInLog = 0;
		};
		AF35F505CCA4DE9E5DA434F1 /* [CP] Copy Pods Resources */ = {
			isa = PBXShellScriptBuildPhase;
			buildActionMask = 2147483647;
			files = (
			);
			inputPaths = (
			);
			name = "[CP] Copy Pods Resources";
			outputPaths = (
			);
			runOnlyForDeploymentPostprocessing = 0;
			shellPath = /bin/sh;
			shellScript = "\"${SRCROOT}/Pods/Target Support Files/Pods-Tumblr Feedir/Pods-Tumblr Feedir-resources.sh\"\n";
			showEnvVarsInLog = 0;
		};
		BB1806B206A1686F48BB98CD /* [CP] Copy Pods Resources */ = {
			isa = PBXShellScriptBuildPhase;
			buildActionMask = 2147483647;
			files = (
			);
			inputPaths = (
			);
			name = "[CP] Copy Pods Resources";
			outputPaths = (
			);
			runOnlyForDeploymentPostprocessing = 0;
			shellPath = /bin/sh;
			shellScript = "\"${SRCROOT}/Pods/Target Support Files/Pods-Tumblr FeedirTests/Pods-Tumblr FeedirTests-resources.sh\"\n";
			showEnvVarsInLog = 0;
		};
/* End PBXShellScriptBuildPhase section */

/* Begin PBXSourcesBuildPhase section */
		1B9998542025541C00C834E6 /* Sources */ = {
			isa = PBXSourcesBuildPhase;
			buildActionMask = 2147483647;
			files = (
				1B99988A20255F1800C834E6 /* PhotosViewController.swift in Sources */,
				1B99985C2025541C00C834E6 /* AppDelegate.swift in Sources */,
				1B99988D20257A3B00C834E6 /* tumblrcell.swift in Sources */,
			);
			runOnlyForDeploymentPostprocessing = 0;
		};
		1B9998682025541C00C834E6 /* Sources */ = {
			isa = PBXSourcesBuildPhase;
			buildActionMask = 2147483647;
			files = (
				1B9998712025541C00C834E6 /* Tumblr_FeedirTests.swift in Sources */,
			);
			runOnlyForDeploymentPostprocessing = 0;
		};
		1B9998732025541C00C834E6 /* Sources */ = {
			isa = PBXSourcesBuildPhase;
			buildActionMask = 2147483647;
			files = (
				1B99987C2025541C00C834E6 /* Tumblr_FeedirUITests.swift in Sources */,
			);
			runOnlyForDeploymentPostprocessing = 0;
		};
/* End PBXSourcesBuildPhase section */

/* Begin PBXTargetDependency section */
		1B99986E2025541C00C834E6 /* PBXTargetDependency */ = {
			isa = PBXTargetDependency;
			target = 1B9998572025541C00C834E6 /* Tumblr Feedir */;
			targetProxy = 1B99986D2025541C00C834E6 /* PBXContainerItemProxy */;
		};
		1B9998792025541C00C834E6 /* PBXTargetDependency */ = {
			isa = PBXTargetDependency;
			target = 1B9998572025541C00C834E6 /* Tumblr Feedir */;
			targetProxy = 1B9998782025541C00C834E6 /* PBXContainerItemProxy */;
		};
/* End PBXTargetDependency section */

/* Begin PBXVariantGroup section */
		1B99985F2025541C00C834E6 /* Main.storyboard */ = {
			isa = PBXVariantGroup;
			children = (
				1B9998602025541C00C834E6 /* Base */,
			);
			name = Main.storyboard;
			sourceTree = "<group>";
		};
		1B9998642025541C00C834E6 /* LaunchScreen.storyboard */ = {
			isa = PBXVariantGroup;
			children = (
				1B9998652025541C00C834E6 /* Base */,
			);
			name = LaunchScreen.storyboard;
			sourceTree = "<group>";
		};
/* End PBXVariantGroup section */

/* Begin XCBuildConfiguration section */
		1B99987E2025541C00C834E6 /* Debug */ = {
			isa = XCBuildConfiguration;
			buildSettings = {
				ALWAYS_SEARCH_USER_PATHS = NO;
				CLANG_ANALYZER_NONNULL = YES;
				CLANG_CXX_LANGUAGE_STANDARD = "gnu++0x";
				CLANG_CXX_LIBRARY = "libc++";
				CLANG_ENABLE_MODULES = YES;
				CLANG_ENABLE_OBJC_ARC = YES;
				CLANG_WARN_BOOL_CONVERSION = YES;
				CLANG_WARN_CONSTANT_CONVERSION = YES;
				CLANG_WARN_DIRECT_OBJC_ISA_USAGE = YES_ERROR;
				CLANG_WARN_DOCUMENTATION_COMMENTS = YES;
				CLANG_WARN_EMPTY_BODY = YES;
				CLANG_WARN_ENUM_CONVERSION = YES;
				CLANG_WARN_INFINITE_RECURSION = YES;
				CLANG_WARN_INT_CONVERSION = YES;
				CLANG_WARN_OBJC_ROOT_CLASS = YES_ERROR;
				CLANG_WARN_SUSPICIOUS_MOVES = YES;
				CLANG_WARN_UNREACHABLE_CODE = YES;
				CLANG_WARN__DUPLICATE_METHOD_MATCH = YES;
				"CODE_SIGN_IDENTITY[sdk=iphoneos*]" = "iPhone Developer";
				COPY_PHASE_STRIP = NO;
				DEBUG_INFORMATION_FORMAT = dwarf;
				ENABLE_STRICT_OBJC_MSGSEND = YES;
				ENABLE_TESTABILITY = YES;
				GCC_C_LANGUAGE_STANDARD = gnu99;
				GCC_DYNAMIC_NO_PIC = NO;
				GCC_NO_COMMON_BLOCKS = YES;
				GCC_OPTIMIZATION_LEVEL = 0;
				GCC_PREPROCESSOR_DEFINITIONS = (
					"DEBUG=1",
					"$(inherited)",
				);
				GCC_WARN_64_TO_32_BIT_CONVERSION = YES;
				GCC_WARN_ABOUT_RETURN_TYPE = YES_ERROR;
				GCC_WARN_UNDECLARED_SELECTOR = YES;
				GCC_WARN_UNINITIALIZED_AUTOS = YES_AGGRESSIVE;
				GCC_WARN_UNUSED_FUNCTION = YES;
				GCC_WARN_UNUSED_VARIABLE = YES;
				IPHONEOS_DEPLOYMENT_TARGET = 10.0;
				MTL_ENABLE_DEBUG_INFO = YES;
				ONLY_ACTIVE_ARCH = YES;
				SDKROOT = iphoneos;
				SWIFT_ACTIVE_COMPILATION_CONDITIONS = DEBUG;
				SWIFT_OPTIMIZATION_LEVEL = "-Onone";
			};
			name = Debug;
		};
		1B99987F2025541C00C834E6 /* Release */ = {
			isa = XCBuildConfiguration;
			buildSettings = {
				ALWAYS_SEARCH_USER_PATHS = NO;
				CLANG_ANALYZER_NONNULL = YES;
				CLANG_CXX_LANGUAGE_STANDARD = "gnu++0x";
				CLANG_CXX_LIBRARY = "libc++";
				CLANG_ENABLE_MODULES = YES;
				CLANG_ENABLE_OBJC_ARC = YES;
				CLANG_WARN_BOOL_CONVERSION = YES;
				CLANG_WARN_CONSTANT_CONVERSION = YES;
				CLANG_WARN_DIRECT_OBJC_ISA_USAGE = YES_ERROR;
				CLANG_WARN_DOCUMENTATION_COMMENTS = YES;
				CLANG_WARN_EMPTY_BODY = YES;
				CLANG_WARN_ENUM_CONVERSION = YES;
				CLANG_WARN_INFINITE_RECURSION = YES;
				CLANG_WARN_INT_CONVERSION = YES;
				CLANG_WARN_OBJC_ROOT_CLASS = YES_ERROR;
				CLANG_WARN_SUSPICIOUS_MOVES = YES;
				CLANG_WARN_UNREACHABLE_CODE = YES;
				CLANG_WARN__DUPLICATE_METHOD_MATCH = YES;
				"CODE_SIGN_IDENTITY[sdk=iphoneos*]" = "iPhone Developer";
				COPY_PHASE_STRIP = NO;
				DEBUG_INFORMATION_FORMAT = "dwarf-with-dsym";
				ENABLE_NS_ASSERTIONS = NO;
				ENABLE_STRICT_OBJC_MSGSEND = YES;
				GCC_C_LANGUAGE_STANDARD = gnu99;
				GCC_NO_COMMON_BLOCKS = YES;
				GCC_WARN_64_TO_32_BIT_CONVERSION = YES;
				GCC_WARN_ABOUT_RETURN_TYPE = YES_ERROR;
				GCC_WARN_UNDECLARED_SELECTOR = YES;
				GCC_WARN_UNINITIALIZED_AUTOS = YES_AGGRESSIVE;
				GCC_WARN_UNUSED_FUNCTION = YES;
				GCC_WARN_UNUSED_VARIABLE = YES;
				IPHONEOS_DEPLOYMENT_TARGET = 10.0;
				MTL_ENABLE_DEBUG_INFO = NO;
				SDKROOT = iphoneos;
				SWIFT_OPTIMIZATION_LEVEL = "-Owholemodule";
				VALIDATE_PRODUCT = YES;
			};
			name = Release;
		};
		1B9998812025541C00C834E6 /* Debug */ = {
			isa = XCBuildConfiguration;
			baseConfigurationReference = 3A67F2A2306DE3B07199194A /* Pods-Tumblr Feedir.debug.xcconfig */;
			buildSettings = {
				ASSETCATALOG_COMPILER_APPICON_NAME = AppIcon;
				INFOPLIST_FILE = "Tumblr Feedir/Info.plist";
				LD_RUNPATH_SEARCH_PATHS = "$(inherited) @executable_path/Frameworks";
				PRODUCT_BUNDLE_IDENTIFIER = "GaadKang.Tumblr-Feedir";
				PRODUCT_NAME = "$(TARGET_NAME)";
				SWIFT_VERSION = 3.0;
			};
			name = Debug;
		};
		1B9998822025541C00C834E6 /* Release */ = {
			isa = XCBuildConfiguration;
			baseConfigurationReference = FB75E062B889835D331733F9 /* Pods-Tumblr Feedir.release.xcconfig */;
			buildSettings = {
				ASSETCATALOG_COMPILER_APPICON_NAME = AppIcon;
				INFOPLIST_FILE = "Tumblr Feedir/Info.plist";
				LD_RUNPATH_SEARCH_PATHS = "$(inherited) @executable_path/Frameworks";
				PRODUCT_BUNDLE_IDENTIFIER = "GaadKang.Tumblr-Feedir";
				PRODUCT_NAME = "$(TARGET_NAME)";
				SWIFT_VERSION = 3.0;
			};
			name = Release;
		};
		1B9998842025541C00C834E6 /* Debug */ = {
			isa = XCBuildConfiguration;
			baseConfigurationReference = 4A4A60676F7512F08B9252B7 /* Pods-Tumblr FeedirTests.debug.xcconfig */;
			buildSettings = {
				ALWAYS_EMBED_SWIFT_STANDARD_LIBRARIES = YES;
				BUNDLE_LOADER = "$(TEST_HOST)";
				INFOPLIST_FILE = "Tumblr FeedirTests/Info.plist";
				LD_RUNPATH_SEARCH_PATHS = "$(inherited) @executable_path/Frameworks @loader_path/Frameworks";
				PRODUCT_BUNDLE_IDENTIFIER = "GaadKang.Tumblr-FeedirTests";
				PRODUCT_NAME = "$(TARGET_NAME)";
				SWIFT_VERSION = 3.0;
				TEST_HOST = "$(BUILT_PRODUCTS_DIR)/Tumblr Feedir.app/Tumblr Feedir";
			};
			name = Debug;
		};
		1B9998852025541C00C834E6 /* Release */ = {
			isa = XCBuildConfiguration;
			baseConfigurationReference = 8163FC7D13FFE281CB5AD033 /* Pods-Tumblr FeedirTests.release.xcconfig */;
			buildSettings = {
				ALWAYS_EMBED_SWIFT_STANDARD_LIBRARIES = YES;
				BUNDLE_LOADER = "$(TEST_HOST)";
				INFOPLIST_FILE = "Tumblr FeedirTests/Info.plist";
				LD_RUNPATH_SEARCH_PATHS = "$(inherited) @executable_path/Frameworks @loader_path/Frameworks";
				PRODUCT_BUNDLE_IDENTIFIER = "GaadKang.Tumblr-FeedirTests";
				PRODUCT_NAME = "$(TARGET_NAME)";
				SWIFT_VERSION = 3.0;
				TEST_HOST = "$(BUILT_PRODUCTS_DIR)/Tumblr Feedir.app/Tumblr Feedir";
			};
			name = Release;
		};
		1B9998872025541C00C834E6 /* Debug */ = {
			isa = XCBuildConfiguration;
			baseConfigurationReference = 090AA4202030E8AD2CF5A07B /* Pods-Tumblr FeedirUITests.debug.xcconfig */;
			buildSettings = {
				ALWAYS_EMBED_SWIFT_STANDARD_LIBRARIES = YES;
				INFOPLIST_FILE = "Tumblr FeedirUITests/Info.plist";
				LD_RUNPATH_SEARCH_PATHS = "$(inherited) @executable_path/Frameworks @loader_path/Frameworks";
				PRODUCT_BUNDLE_IDENTIFIER = "GaadKang.Tumblr-FeedirUITests";
				PRODUCT_NAME = "$(TARGET_NAME)";
				SWIFT_VERSION = 3.0;
				TEST_TARGET_NAME = "Tumblr Feedir";
			};
			name = Debug;
		};
		1B9998882025541C00C834E6 /* Release */ = {
			isa = XCBuildConfiguration;
			baseConfigurationReference = A632C3C40340D065281C5AE8 /* Pods-Tumblr FeedirUITests.release.xcconfig */;
			buildSettings = {
				ALWAYS_EMBED_SWIFT_STANDARD_LIBRARIES = YES;
				INFOPLIST_FILE = "Tumblr FeedirUITests/Info.plist";
				LD_RUNPATH_SEARCH_PATHS = "$(inherited) @executable_path/Frameworks @loader_path/Frameworks";
				PRODUCT_BUNDLE_IDENTIFIER = "GaadKang.Tumblr-FeedirUITests";
				PRODUCT_NAME = "$(TARGET_NAME)";
				SWIFT_VERSION = 3.0;
				TEST_TARGET_NAME = "Tumblr Feedir";
			};
			name = Release;
		};
/* End XCBuildConfiguration section */

/* Begin XCConfigurationList section */
		1B9998532025541C00C834E6 /* Build configuration list for PBXProject "Tumblr Feedir" */ = {
			isa = XCConfigurationList;
			buildConfigurations = (
				1B99987E2025541C00C834E6 /* Debug */,
				1B99987F2025541C00C834E6 /* Release */,
			);
			defaultConfigurationIsVisible = 0;
			defaultConfigurationName = Release;
		};
		1B9998802025541C00C834E6 /* Build configuration list for PBXNativeTarget "Tumblr Feedir" */ = {
			isa = XCConfigurationList;
			buildConfigurations = (
				1B9998812025541C00C834E6 /* Debug */,
				1B9998822025541C00C834E6 /* Release */,
			);
			defaultConfigurationIsVisible = 0;
			defaultConfigurationName = Release;
		};
		1B9998832025541C00C834E6 /* Build configuration list for PBXNativeTarget "Tumblr FeedirTests" */ = {
			isa = XCConfigurationList;
			buildConfigurations = (
				1B9998842025541C00C834E6 /* Debug */,
				1B9998852025541C00C834E6 /* Release */,
			);
			defaultConfigurationIsVisible = 0;
			defaultConfigurationName = Release;
		};
		1B9998862025541C00C834E6 /* Build configuration list for PBXNativeTarget "Tumblr FeedirUITests" */ = {
			isa = XCConfigurationList;
			buildConfigurations = (
				1B9998872025541C00C834E6 /* Debug */,
				1B9998882025541C00C834E6 /* Release */,
			);
			defaultConfigurationIsVisible = 0;
			defaultConfigurationName = Release;
		};
/* End XCConfigurationList section */
	};
	rootObject = 1B9998502025541C00C834E6 /* Project object */;
}
